# This file is automatically @generated by Poetry 1.4.2 and should not be changed by hand.

[[package]]
name = "kodistubs"
version = "20.0.0"
description = "Stub modules that re-create Kodi Python API"
category = "main"
optional = false
python-versions = ">=3.6"
files = [
    {file = "Kodistubs-20.0.0-py3-none-any.whl", hash = "sha256:66438266656c0563db93bae1599da3cd362544007fbe33bcade174695b4e69f0"},
    {file = "Kodistubs-20.0.0.tar.gz", hash = "sha256:dd8d578063cf8aca70eae182494c4167ce945c32d7640d2e004a5c374d6e8e16"},
]

[metadata]
lock-version = "2.0"
python-versions = "^3.11"
content-hash = "ef888028fb9788950898bbc1d0fcdd00c1e128a92ca83e5a2254d9f7c7b4ca40"
